{
	"name": "@serverless-local/types",
	"version": "1.0.0",
	"lockfileVersion": 1,
	"requires": true,
	"dependencies": {
		"@types/serverless": {
			"version": "1.67.0",
			"resolved": "https://registry.npmjs.org/@types/serverless/-/serverless-1.67.0.tgz",
			"integrity": "sha512-7iHDo8pys9pl6xBFqg4LkphpF8pNjsH9N9DvXf5aXOguE1uAdMTP8Oc+8LFu95TzEMTULc+ao8QCyBHkSPKk/w=="
		}
	}
}
